// !$*UTF8*$!
{
	archiveVersion = 1;
	classes = {
	};
	objectVersion = 50;
	objects = {

/* Begin PBXBuildFile section */
		2DA2A68BAA7EBEA0C8CC58F7 /* Pods_Kino.framework in Frameworks */ = {isa = PBXBuildFile; fileRef = F23CBDB8F369AF4056A77AAD /* Pods_Kino.framework */; };
		6825D34220E8323A0068F741 /* Configuration.swift in Sources */ = {isa = PBXBuildFile; fileRef = 6825D34120E8323A0068F741 /* Configuration.swift */; };
		68EA610520E56B0600C8DC00 /* AppDelegate.swift in Sources */ = {isa = PBXBuildFile; fileRef = 68EA610420E56B0600C8DC00 /* AppDelegate.swift */; };
		68EA610C20E56B0800C8DC00 /* Assets.xcassets in Resources */ = {isa = PBXBuildFile; fileRef = 68EA610B20E56B0800C8DC00 /* Assets.xcassets */; };
		68EA610F20E56B0800C8DC00 /* LaunchScreen.storyboard in Resources */ = {isa = PBXBuildFile; fileRef = 68EA610D20E56B0800C8DC00 /* LaunchScreen.storyboard */; };
		68EA612D20E57C7600C8DC00 /* MovieSpec.swift in Sources */ = {isa = PBXBuildFile; fileRef = 68EA612C20E57C7600C8DC00 /* MovieSpec.swift */; };
		68EA612F20E5836700C8DC00 /* Page.swift in Sources */ = {isa = PBXBuildFile; fileRef = 68EA612E20E5836700C8DC00 /* Page.swift */; };
		68EA613120E583D100C8DC00 /* PageSpec.swift in Sources */ = {isa = PBXBuildFile; fileRef = 68EA613020E583D100C8DC00 /* PageSpec.swift */; };
		68EA613720E7AEF000C8DC00 /* AssetCollection.swift in Sources */ = {isa = PBXBuildFile; fileRef = 68EA613620E7AEF000C8DC00 /* AssetCollection.swift */; };
		68EA613920E7AF1500C8DC00 /* AssetCollectionSpec.swift in Sources */ = {isa = PBXBuildFile; fileRef = 68EA613820E7AF1500C8DC00 /* AssetCollectionSpec.swift */; };
		68EA613B20E7B17700C8DC00 /* Genre.swift in Sources */ = {isa = PBXBuildFile; fileRef = 68EA613A20E7B17700C8DC00 /* Genre.swift */; };
		68EA613D20E7B1D700C8DC00 /* GenreSpec.swift in Sources */ = {isa = PBXBuildFile; fileRef = 68EA613C20E7B1D700C8DC00 /* GenreSpec.swift */; };
		68EA613F20E7B29B00C8DC00 /* Company.swift in Sources */ = {isa = PBXBuildFile; fileRef = 68EA613E20E7B29B00C8DC00 /* Company.swift */; };
		68EA614120E7B2B300C8DC00 /* Country.swift in Sources */ = {isa = PBXBuildFile; fileRef = 68EA614020E7B2B300C8DC00 /* Country.swift */; };
		68EA614320E7B2C000C8DC00 /* Language.swift in Sources */ = {isa = PBXBuildFile; fileRef = 68EA614220E7B2C000C8DC00 /* Language.swift */; };
		68EA614520E7B2D300C8DC00 /* AssetStatus.swift in Sources */ = {isa = PBXBuildFile; fileRef = 68EA614420E7B2D300C8DC00 /* AssetStatus.swift */; };
		68EA614720E7B31100C8DC00 /* CompanySpec.swift in Sources */ = {isa = PBXBuildFile; fileRef = 68EA614620E7B31100C8DC00 /* CompanySpec.swift */; };
		68EA614920E7B31D00C8DC00 /* CountrySpec.swift in Sources */ = {isa = PBXBuildFile; fileRef = 68EA614820E7B31D00C8DC00 /* CountrySpec.swift */; };
		68EA614B20E7B32600C8DC00 /* LanguageSpec.swift in Sources */ = {isa = PBXBuildFile; fileRef = 68EA614A20E7B32600C8DC00 /* LanguageSpec.swift */; };
		68EA615020E7B52200C8DC00 /* Misc.swift in Sources */ = {isa = PBXBuildFile; fileRef = 68EA614E20E7B4FC00C8DC00 /* Misc.swift */; };
		68EA615220E7B90600C8DC00 /* Movie.swift in Sources */ = {isa = PBXBuildFile; fileRef = 68EA615120E7B90600C8DC00 /* Movie.swift */; };
		68EA615720E7C1C800C8DC00 /* SearchViewController.swift in Sources */ = {isa = PBXBuildFile; fileRef = 68EA615520E7C1C800C8DC00 /* SearchViewController.swift */; };
		68EA615820E7C1C800C8DC00 /* SearchViewController.xib in Resources */ = {isa = PBXBuildFile; fileRef = 68EA615620E7C1C800C8DC00 /* SearchViewController.xib */; };
		68EA615C20E7C34A00C8DC00 /* SearchItem.swift in Sources */ = {isa = PBXBuildFile; fileRef = 68EA615B20E7C34A00C8DC00 /* SearchItem.swift */; };
		68EA615E20E7C38500C8DC00 /* SearchViewModel.swift in Sources */ = {isa = PBXBuildFile; fileRef = 68EA615D20E7C38500C8DC00 /* SearchViewModel.swift */; };
		68EA616120E7C3D800C8DC00 /* Rx.swift in Sources */ = {isa = PBXBuildFile; fileRef = 68EA616020E7C3D800C8DC00 /* Rx.swift */; };
		68EA616320E7C48800C8DC00 /* SearchState.swift in Sources */ = {isa = PBXBuildFile; fileRef = 68EA616220E7C48800C8DC00 /* SearchState.swift */; };
		68EA616520E7C5F400C8DC00 /* SearchFlow.swift in Sources */ = {isa = PBXBuildFile; fileRef = 68EA616420E7C5F400C8DC00 /* SearchFlow.swift */; };
		68EA616720E7C82000C8DC00 /* SearchData.swift in Sources */ = {isa = PBXBuildFile; fileRef = 68EA616620E7C82000C8DC00 /* SearchData.swift */; };
		68EA616A20E7CB2400C8DC00 /* MovieSearchProvider.swift in Sources */ = {isa = PBXBuildFile; fileRef = 68EA616920E7CB2400C8DC00 /* MovieSearchProvider.swift */; };
		68EA616C20E7CBE000C8DC00 /* SearchFactory.swift in Sources */ = {isa = PBXBuildFile; fileRef = 68EA616B20E7CBE000C8DC00 /* SearchFactory.swift */; };
		68EA616E20E7CD2700C8DC00 /* Dummies.swift in Sources */ = {isa = PBXBuildFile; fileRef = 68EA616D20E7CD2700C8DC00 /* Dummies.swift */; };
		68EA617320E7D2B700C8DC00 /* AutoMockable.swift in Sources */ = {isa = PBXBuildFile; fileRef = 68EA617120E7D28D00C8DC00 /* AutoMockable.swift */; };
		68EA617520E7D31A00C8DC00 /* AutoMockable.generated.swift in Sources */ = {isa = PBXBuildFile; fileRef = 68EA617420E7D31A00C8DC00 /* AutoMockable.generated.swift */; };
		68EA617720E7D58400C8DC00 /* SearchTableManager.swift in Sources */ = {isa = PBXBuildFile; fileRef = 68EA617620E7D58400C8DC00 /* SearchTableManager.swift */; };
		68EA617920E7D88100C8DC00 /* UITableView.swift in Sources */ = {isa = PBXBuildFile; fileRef = 68EA617820E7D88100C8DC00 /* UITableView.swift */; };
		68EA617D20E7D8E000C8DC00 /* LoadingTableCell.swift in Sources */ = {isa = PBXBuildFile; fileRef = 68EA617B20E7D8E000C8DC00 /* LoadingTableCell.swift */; };
		68EA617E20E7D8E000C8DC00 /* LoadingTableCell.xib in Resources */ = {isa = PBXBuildFile; fileRef = 68EA617C20E7D8E000C8DC00 /* LoadingTableCell.xib */; };
		68EA618120E7D8EF00C8DC00 /* ErrorTableCell.swift in Sources */ = {isa = PBXBuildFile; fileRef = 68EA617F20E7D8EF00C8DC00 /* ErrorTableCell.swift */; };
		68EA618220E7D8EF00C8DC00 /* ErrorTableCell.xib in Resources */ = {isa = PBXBuildFile; fileRef = 68EA618020E7D8EF00C8DC00 /* ErrorTableCell.xib */; };
		68EA618520E7D8FE00C8DC00 /* SearchDataTableCell.swift in Sources */ = {isa = PBXBuildFile; fileRef = 68EA618320E7D8FE00C8DC00 /* SearchDataTableCell.swift */; };
		68EA618620E7D8FE00C8DC00 /* SearchDataTableCell.xib in Resources */ = {isa = PBXBuildFile; fileRef = 68EA618420E7D8FE00C8DC00 /* SearchDataTableCell.xib */; };
		B69B5257D19776972198432D /* Pods_KinoTests.framework in Frameworks */ = {isa = PBXBuildFile; fileRef = 9602546E3824545D80E532B1 /* Pods_KinoTests.framework */; };
/* End PBXBuildFile section */

/* Begin PBXContainerItemProxy section */
		68EA611620E56B0800C8DC00 /* PBXContainerItemProxy */ = {
			isa = PBXContainerItemProxy;
			containerPortal = 68EA60F920E56B0600C8DC00 /* Project object */;
			proxyType = 1;
			remoteGlobalIDString = 68EA610020E56B0600C8DC00;
			remoteInfo = Kino;
		};
/* End PBXContainerItemProxy section */

/* Begin PBXFileReference section */
		0BE425BEC24EC4A86BA112CB /* Pods-Kino.release.xcconfig */ = {isa = PBXFileReference; includeInIndex = 1; lastKnownFileType = text.xcconfig; name = "Pods-Kino.release.xcconfig"; path = "Pods/Target Support Files/Pods-Kino/Pods-Kino.release.xcconfig"; sourceTree = "<group>"; };
		601820226452FE99D44443FF /* Pods-KinoTests.debug.xcconfig */ = {isa = PBXFileReference; includeInIndex = 1; lastKnownFileType = text.xcconfig; name = "Pods-KinoTests.debug.xcconfig"; path = "Pods/Target Support Files/Pods-KinoTests/Pods-KinoTests.debug.xcconfig"; sourceTree = "<group>"; };
		6825D34120E8323A0068F741 /* Configuration.swift */ = {isa = PBXFileReference; lastKnownFileType = sourcecode.swift; path = Configuration.swift; sourceTree = "<group>"; };
		68EA610120E56B0600C8DC00 /* Kino.app */ = {isa = PBXFileReference; explicitFileType = wrapper.application; includeInIndex = 0; path = Kino.app; sourceTree = BUILT_PRODUCTS_DIR; };
		68EA610420E56B0600C8DC00 /* AppDelegate.swift */ = {isa = PBXFileReference; lastKnownFileType = sourcecode.swift; path = AppDelegate.swift; sourceTree = "<group>"; };
		68EA610B20E56B0800C8DC00 /* Assets.xcassets */ = {isa = PBXFileReference; lastKnownFileType = folder.assetcatalog; path = Assets.xcassets; sourceTree = "<group>"; };
		68EA610E20E56B0800C8DC00 /* Base */ = {isa = PBXFileReference; lastKnownFileType = file.storyboard; name = Base; path = Base.lproj/LaunchScreen.storyboard; sourceTree = "<group>"; };
		68EA611020E56B0800C8DC00 /* Info.plist */ = {isa = PBXFileReference; lastKnownFileType = text.plist.xml; path = Info.plist; sourceTree = "<group>"; };
		68EA611520E56B0800C8DC00 /* KinoTests.xctest */ = {isa = PBXFileReference; explicitFileType = wrapper.cfbundle; includeInIndex = 0; path = KinoTests.xctest; sourceTree = BUILT_PRODUCTS_DIR; };
		68EA611B20E56B0800C8DC00 /* Info.plist */ = {isa = PBXFileReference; lastKnownFileType = text.plist.xml; path = Info.plist; sourceTree = "<group>"; };
		68EA612C20E57C7600C8DC00 /* MovieSpec.swift */ = {isa = PBXFileReference; lastKnownFileType = sourcecode.swift; path = MovieSpec.swift; sourceTree = "<group>"; };
		68EA612E20E5836700C8DC00 /* Page.swift */ = {isa = PBXFileReference; lastKnownFileType = sourcecode.swift; path = Page.swift; sourceTree = "<group>"; };
		68EA613020E583D100C8DC00 /* PageSpec.swift */ = {isa = PBXFileReference; lastKnownFileType = sourcecode.swift; path = PageSpec.swift; sourceTree = "<group>"; };
		68EA613620E7AEF000C8DC00 /* AssetCollection.swift */ = {isa = PBXFileReference; lastKnownFileType = sourcecode.swift; path = AssetCollection.swift; sourceTree = "<group>"; };
		68EA613820E7AF1500C8DC00 /* AssetCollectionSpec.swift */ = {isa = PBXFileReference; lastKnownFileType = sourcecode.swift; path = AssetCollectionSpec.swift; sourceTree = "<group>"; };
		68EA613A20E7B17700C8DC00 /* Genre.swift */ = {isa = PBXFileReference; lastKnownFileType = sourcecode.swift; path = Genre.swift; sourceTree = "<group>"; };
		68EA613C20E7B1D700C8DC00 /* GenreSpec.swift */ = {isa = PBXFileReference; lastKnownFileType = sourcecode.swift; path = GenreSpec.swift; sourceTree = "<group>"; };
		68EA613E20E7B29B00C8DC00 /* Company.swift */ = {isa = PBXFileReference; lastKnownFileType = sourcecode.swift; path = Company.swift; sourceTree = "<group>"; };
		68EA614020E7B2B300C8DC00 /* Country.swift */ = {isa = PBXFileReference; lastKnownFileType = sourcecode.swift; path = Country.swift; sourceTree = "<group>"; };
		68EA614220E7B2C000C8DC00 /* Language.swift */ = {isa = PBXFileReference; lastKnownFileType = sourcecode.swift; path = Language.swift; sourceTree = "<group>"; };
		68EA614420E7B2D300C8DC00 /* AssetStatus.swift */ = {isa = PBXFileReference; lastKnownFileType = sourcecode.swift; path = AssetStatus.swift; sourceTree = "<group>"; };
		68EA614620E7B31100C8DC00 /* CompanySpec.swift */ = {isa = PBXFileReference; lastKnownFileType = sourcecode.swift; path = CompanySpec.swift; sourceTree = "<group>"; };
		68EA614820E7B31D00C8DC00 /* CountrySpec.swift */ = {isa = PBXFileReference; lastKnownFileType = sourcecode.swift; path = CountrySpec.swift; sourceTree = "<group>"; };
		68EA614A20E7B32600C8DC00 /* LanguageSpec.swift */ = {isa = PBXFileReference; lastKnownFileType = sourcecode.swift; path = LanguageSpec.swift; sourceTree = "<group>"; };
		68EA614E20E7B4FC00C8DC00 /* Misc.swift */ = {isa = PBXFileReference; lastKnownFileType = sourcecode.swift; path = Misc.swift; sourceTree = "<group>"; };
		68EA615120E7B90600C8DC00 /* Movie.swift */ = {isa = PBXFileReference; lastKnownFileType = sourcecode.swift; path = Movie.swift; sourceTree = "<group>"; };
		68EA615520E7C1C800C8DC00 /* SearchViewController.swift */ = {isa = PBXFileReference; lastKnownFileType = sourcecode.swift; path = SearchViewController.swift; sourceTree = "<group>"; };
		68EA615620E7C1C800C8DC00 /* SearchViewController.xib */ = {isa = PBXFileReference; lastKnownFileType = file.xib; path = SearchViewController.xib; sourceTree = "<group>"; };
		68EA615B20E7C34A00C8DC00 /* SearchItem.swift */ = {isa = PBXFileReference; lastKnownFileType = sourcecode.swift; path = SearchItem.swift; sourceTree = "<group>"; };
		68EA615D20E7C38500C8DC00 /* SearchViewModel.swift */ = {isa = PBXFileReference; lastKnownFileType = sourcecode.swift; path = SearchViewModel.swift; sourceTree = "<group>"; };
		68EA616020E7C3D800C8DC00 /* Rx.swift */ = {isa = PBXFileReference; lastKnownFileType = sourcecode.swift; path = Rx.swift; sourceTree = "<group>"; };
		68EA616220E7C48800C8DC00 /* SearchState.swift */ = {isa = PBXFileReference; lastKnownFileType = sourcecode.swift; path = SearchState.swift; sourceTree = "<group>"; };
		68EA616420E7C5F400C8DC00 /* SearchFlow.swift */ = {isa = PBXFileReference; lastKnownFileType = sourcecode.swift; path = SearchFlow.swift; sourceTree = "<group>"; };
		68EA616620E7C82000C8DC00 /* SearchData.swift */ = {isa = PBXFileReference; lastKnownFileType = sourcecode.swift; path = SearchData.swift; sourceTree = "<group>"; };
		68EA616920E7CB2400C8DC00 /* MovieSearchProvider.swift */ = {isa = PBXFileReference; lastKnownFileType = sourcecode.swift; path = MovieSearchProvider.swift; sourceTree = "<group>"; };
		68EA616B20E7CBE000C8DC00 /* SearchFactory.swift */ = {isa = PBXFileReference; lastKnownFileType = sourcecode.swift; path = SearchFactory.swift; sourceTree = "<group>"; };
		68EA616D20E7CD2700C8DC00 /* Dummies.swift */ = {isa = PBXFileReference; lastKnownFileType = sourcecode.swift; path = Dummies.swift; sourceTree = "<group>"; };
		68EA617120E7D28D00C8DC00 /* AutoMockable.swift */ = {isa = PBXFileReference; lastKnownFileType = sourcecode.swift; path = AutoMockable.swift; sourceTree = "<group>"; };
		68EA617420E7D31A00C8DC00 /* AutoMockable.generated.swift */ = {isa = PBXFileReference; fileEncoding = 4; lastKnownFileType = sourcecode.swift; name = AutoMockable.generated.swift; path = Sourcery/Generated/AutoMockable.generated.swift; sourceTree = SOURCE_ROOT; };
		68EA617620E7D58400C8DC00 /* SearchTableManager.swift */ = {isa = PBXFileReference; lastKnownFileType = sourcecode.swift; path = SearchTableManager.swift; sourceTree = "<group>"; };
		68EA617820E7D88100C8DC00 /* UITableView.swift */ = {isa = PBXFileReference; lastKnownFileType = sourcecode.swift; path = UITableView.swift; sourceTree = "<group>"; };
		68EA617B20E7D8E000C8DC00 /* LoadingTableCell.swift */ = {isa = PBXFileReference; lastKnownFileType = sourcecode.swift; path = LoadingTableCell.swift; sourceTree = "<group>"; };
		68EA617C20E7D8E000C8DC00 /* LoadingTableCell.xib */ = {isa = PBXFileReference; lastKnownFileType = file.xib; path = LoadingTableCell.xib; sourceTree = "<group>"; };
		68EA617F20E7D8EF00C8DC00 /* ErrorTableCell.swift */ = {isa = PBXFileReference; lastKnownFileType = sourcecode.swift; path = ErrorTableCell.swift; sourceTree = "<group>"; };
		68EA618020E7D8EF00C8DC00 /* ErrorTableCell.xib */ = {isa = PBXFileReference; lastKnownFileType = file.xib; path = ErrorTableCell.xib; sourceTree = "<group>"; };
		68EA618320E7D8FE00C8DC00 /* SearchDataTableCell.swift */ = {isa = PBXFileReference; lastKnownFileType = sourcecode.swift; path = SearchDataTableCell.swift; sourceTree = "<group>"; };
		68EA618420E7D8FE00C8DC00 /* SearchDataTableCell.xib */ = {isa = PBXFileReference; lastKnownFileType = file.xib; path = SearchDataTableCell.xib; sourceTree = "<group>"; };
		70BF22AB0A0739B2F572CC15 /* Pods-KinoTests.release.xcconfig */ = {isa = PBXFileReference; includeInIndex = 1; lastKnownFileType = text.xcconfig; name = "Pods-KinoTests.release.xcconfig"; path = "Pods/Target Support Files/Pods-KinoTests/Pods-KinoTests.release.xcconfig"; sourceTree = "<group>"; };
		7568578B67661DBF9C935304 /* Pods-Kino.debug.xcconfig */ = {isa = PBXFileReference; includeInIndex = 1; lastKnownFileType = text.xcconfig; name = "Pods-Kino.debug.xcconfig"; path = "Pods/Target Support Files/Pods-Kino/Pods-Kino.debug.xcconfig"; sourceTree = "<group>"; };
		9602546E3824545D80E532B1 /* Pods_KinoTests.framework */ = {isa = PBXFileReference; explicitFileType = wrapper.framework; includeInIndex = 0; path = Pods_KinoTests.framework; sourceTree = BUILT_PRODUCTS_DIR; };
		F23CBDB8F369AF4056A77AAD /* Pods_Kino.framework */ = {isa = PBXFileReference; explicitFileType = wrapper.framework; includeInIndex = 0; path = Pods_Kino.framework; sourceTree = BUILT_PRODUCTS_DIR; };
/* End PBXFileReference section */

/* Begin PBXFrameworksBuildPhase section */
		68EA60FE20E56B0600C8DC00 /* Frameworks */ = {
			isa = PBXFrameworksBuildPhase;
			buildActionMask = 2147483647;
			files = (
				2DA2A68BAA7EBEA0C8CC58F7 /* Pods_Kino.framework in Frameworks */,
			);
			runOnlyForDeploymentPostprocessing = 0;
		};
		68EA611220E56B0800C8DC00 /* Frameworks */ = {
			isa = PBXFrameworksBuildPhase;
			buildActionMask = 2147483647;
			files = (
				B69B5257D19776972198432D /* Pods_KinoTests.framework in Frameworks */,
			);
			runOnlyForDeploymentPostprocessing = 0;
		};
/* End PBXFrameworksBuildPhase section */

/* Begin PBXGroup section */
		402E0EC88283B108808D13F5 /* Frameworks */ = {
			isa = PBXGroup;
			children = (
				F23CBDB8F369AF4056A77AAD /* Pods_Kino.framework */,
				9602546E3824545D80E532B1 /* Pods_KinoTests.framework */,
			);
			name = Frameworks;
			sourceTree = "<group>";
		};
		68EA60F820E56B0600C8DC00 = {
			isa = PBXGroup;
			children = (
				68EA612420E56BCA00C8DC00 /* Sources */,
				68EA612520E56BCF00C8DC00 /* Resources */,
				68EA612620E56BE100C8DC00 /* Tests */,
				68EA610220E56B0600C8DC00 /* Products */,
				9F0D59C6645670D294AE2C09 /* Pods */,
				402E0EC88283B108808D13F5 /* Frameworks */,
			);
			sourceTree = "<group>";
		};
		68EA610220E56B0600C8DC00 /* Products */ = {
			isa = PBXGroup;
			children = (
				68EA610120E56B0600C8DC00 /* Kino.app */,
				68EA611520E56B0800C8DC00 /* KinoTests.xctest */,
			);
			name = Products;
			sourceTree = "<group>";
		};
		68EA612420E56BCA00C8DC00 /* Sources */ = {
			isa = PBXGroup;
			children = (
				68EA616820E7CB1100C8DC00 /* Services */,
				68EA615F20E7C3C900C8DC00 /* Extensions */,
				68EA615320E7C14A00C8DC00 /* Modules */,
				68EA612820E57A8A00C8DC00 /* Entities */,
				68EA610420E56B0600C8DC00 /* AppDelegate.swift */,
				68EA616D20E7CD2700C8DC00 /* Dummies.swift */,
				6825D34120E8323A0068F741 /* Configuration.swift */,
			);
			path = Sources;
			sourceTree = "<group>";
		};
		68EA612520E56BCF00C8DC00 /* Resources */ = {
			isa = PBXGroup;
			children = (
				68EA610B20E56B0800C8DC00 /* Assets.xcassets */,
				68EA610D20E56B0800C8DC00 /* LaunchScreen.storyboard */,
				68EA611020E56B0800C8DC00 /* Info.plist */,
			);
			path = Resources;
			sourceTree = "<group>";
		};
		68EA612620E56BE100C8DC00 /* Tests */ = {
			isa = PBXGroup;
			children = (
				68EA617020E7D27900C8DC00 /* Sourcery */,
				68EA612B20E57C5100C8DC00 /* Entities */,
				68EA611B20E56B0800C8DC00 /* Info.plist */,
			);
			path = Tests;
			sourceTree = "<group>";
		};
		68EA612820E57A8A00C8DC00 /* Entities */ = {
			isa = PBXGroup;
			children = (
				68EA613620E7AEF000C8DC00 /* AssetCollection.swift */,
				68EA614420E7B2D300C8DC00 /* AssetStatus.swift */,
				68EA613E20E7B29B00C8DC00 /* Company.swift */,
				68EA614020E7B2B300C8DC00 /* Country.swift */,
				68EA613A20E7B17700C8DC00 /* Genre.swift */,
				68EA614220E7B2C000C8DC00 /* Language.swift */,
				68EA614E20E7B4FC00C8DC00 /* Misc.swift */,
				68EA615120E7B90600C8DC00 /* Movie.swift */,
				68EA612E20E5836700C8DC00 /* Page.swift */,
			);
			path = Entities;
			sourceTree = "<group>";
		};
		68EA612B20E57C5100C8DC00 /* Entities */ = {
			isa = PBXGroup;
			children = (
				68EA613820E7AF1500C8DC00 /* AssetCollectionSpec.swift */,
				68EA614620E7B31100C8DC00 /* CompanySpec.swift */,
				68EA614820E7B31D00C8DC00 /* CountrySpec.swift */,
				68EA613C20E7B1D700C8DC00 /* GenreSpec.swift */,
				68EA614A20E7B32600C8DC00 /* LanguageSpec.swift */,
				68EA612C20E57C7600C8DC00 /* MovieSpec.swift */,
				68EA613020E583D100C8DC00 /* PageSpec.swift */,
			);
			path = Entities;
			sourceTree = "<group>";
		};
		68EA615320E7C14A00C8DC00 /* Modules */ = {
			isa = PBXGroup;
			children = (
				68EA615420E7C16B00C8DC00 /* Search */,
			);
			path = Modules;
			sourceTree = "<group>";
		};
		68EA615420E7C16B00C8DC00 /* Search */ = {
			isa = PBXGroup;
			children = (
				68EA615A20E7C2B000C8DC00 /* Entities */,
				68EA615920E7C2A300C8DC00 /* ViewLayer */,
				68EA615D20E7C38500C8DC00 /* SearchViewModel.swift */,
				68EA616420E7C5F400C8DC00 /* SearchFlow.swift */,
				68EA616B20E7CBE000C8DC00 /* SearchFactory.swift */,
			);
			path = Search;
			sourceTree = "<group>";
		};
		68EA615920E7C2A300C8DC00 /* ViewLayer */ = {
			isa = PBXGroup;
			children = (
				68EA617A20E7D8BF00C8DC00 /* Cells */,
				68EA615520E7C1C800C8DC00 /* SearchViewController.swift */,
				68EA615620E7C1C800C8DC00 /* SearchViewController.xib */,
				68EA617620E7D58400C8DC00 /* SearchTableManager.swift */,
			);
			path = ViewLayer;
			sourceTree = "<group>";
		};
		68EA615A20E7C2B000C8DC00 /* Entities */ = {
			isa = PBXGroup;
			children = (
				68EA615B20E7C34A00C8DC00 /* SearchItem.swift */,
				68EA616220E7C48800C8DC00 /* SearchState.swift */,
				68EA616620E7C82000C8DC00 /* SearchData.swift */,
			);
			path = Entities;
			sourceTree = "<group>";
		};
		68EA615F20E7C3C900C8DC00 /* Extensions */ = {
			isa = PBXGroup;
			children = (
				68EA616020E7C3D800C8DC00 /* Rx.swift */,
				68EA617820E7D88100C8DC00 /* UITableView.swift */,
			);
			path = Extensions;
			sourceTree = "<group>";
		};
		68EA616820E7CB1100C8DC00 /* Services */ = {
			isa = PBXGroup;
			children = (
				68EA616920E7CB2400C8DC00 /* MovieSearchProvider.swift */,
			);
			path = Services;
			sourceTree = "<group>";
		};
		68EA617020E7D27900C8DC00 /* Sourcery */ = {
			isa = PBXGroup;
			children = (
				68EA617120E7D28D00C8DC00 /* AutoMockable.swift */,
				68EA617420E7D31A00C8DC00 /* AutoMockable.generated.swift */,
			);
			path = Sourcery;
			sourceTree = "<group>";
		};
		68EA617A20E7D8BF00C8DC00 /* Cells */ = {
			isa = PBXGroup;
			children = (
				68EA617B20E7D8E000C8DC00 /* LoadingTableCell.swift */,
				68EA617C20E7D8E000C8DC00 /* LoadingTableCell.xib */,
				68EA617F20E7D8EF00C8DC00 /* ErrorTableCell.swift */,
				68EA618020E7D8EF00C8DC00 /* ErrorTableCell.xib */,
				68EA618320E7D8FE00C8DC00 /* SearchDataTableCell.swift */,
				68EA618420E7D8FE00C8DC00 /* SearchDataTableCell.xib */,
			);
			path = Cells;
			sourceTree = "<group>";
		};
		9F0D59C6645670D294AE2C09 /* Pods */ = {
			isa = PBXGroup;
			children = (
				7568578B67661DBF9C935304 /* Pods-Kino.debug.xcconfig */,
				0BE425BEC24EC4A86BA112CB /* Pods-Kino.release.xcconfig */,
				601820226452FE99D44443FF /* Pods-KinoTests.debug.xcconfig */,
				70BF22AB0A0739B2F572CC15 /* Pods-KinoTests.release.xcconfig */,
			);
			name = Pods;
			sourceTree = "<group>";
		};
/* End PBXGroup section */

/* Begin PBXNativeTarget section */
		68EA610020E56B0600C8DC00 /* Kino */ = {
			isa = PBXNativeTarget;
			buildConfigurationList = 68EA611E20E56B0800C8DC00 /* Build configuration list for PBXNativeTarget "Kino" */;
			buildPhases = (
				F2FCB505CD97F92A6607A1CB /* [CP] Check Pods Manifest.lock */,
				68EA612720E570D800C8DC00 /* swiftlint */,
				68EA616F20E7D24C00C8DC00 /* Sourcery */,
				68EA60FD20E56B0600C8DC00 /* Sources */,
				68EA60FE20E56B0600C8DC00 /* Frameworks */,
				68EA60FF20E56B0600C8DC00 /* Resources */,
				7440B1E7F85673682D2BF75A /* [CP] Embed Pods Frameworks */,
			);
			buildRules = (
			);
			dependencies = (
			);
			name = Kino;
			productName = Kino;
			productReference = 68EA610120E56B0600C8DC00 /* Kino.app */;
			productType = "com.apple.product-type.application";
		};
		68EA611420E56B0800C8DC00 /* KinoTests */ = {
			isa = PBXNativeTarget;
			buildConfigurationList = 68EA612120E56B0800C8DC00 /* Build configuration list for PBXNativeTarget "KinoTests" */;
			buildPhases = (
				BDAB5C32C6B275BAF72CFC1D /* [CP] Check Pods Manifest.lock */,
				68EA611120E56B0800C8DC00 /* Sources */,
				68EA611220E56B0800C8DC00 /* Frameworks */,
				68EA611320E56B0800C8DC00 /* Resources */,
				69C77523E6F6D48F35CA6CD2 /* [CP] Embed Pods Frameworks */,
			);
			buildRules = (
			);
			dependencies = (
				68EA611720E56B0800C8DC00 /* PBXTargetDependency */,
			);
			name = KinoTests;
			productName = KinoTests;
			productReference = 68EA611520E56B0800C8DC00 /* KinoTests.xctest */;
			productType = "com.apple.product-type.bundle.unit-test";
		};
/* End PBXNativeTarget section */

/* Begin PBXProject section */
		68EA60F920E56B0600C8DC00 /* Project object */ = {
			isa = PBXProject;
			attributes = {
				LastSwiftUpdateCheck = 0940;
				LastUpgradeCheck = 0940;
				ORGANIZATIONNAME = kino;
				TargetAttributes = {
					68EA610020E56B0600C8DC00 = {
						CreatedOnToolsVersion = 9.4.1;
					};
					68EA611420E56B0800C8DC00 = {
						CreatedOnToolsVersion = 9.4.1;
						LastSwiftMigration = 0940;
						TestTargetID = 68EA610020E56B0600C8DC00;
					};
				};
			};
			buildConfigurationList = 68EA60FC20E56B0600C8DC00 /* Build configuration list for PBXProject "Kino" */;
			compatibilityVersion = "Xcode 9.3";
			developmentRegion = en;
			hasScannedForEncodings = 0;
			knownRegions = (
				en,
				Base,
			);
			mainGroup = 68EA60F820E56B0600C8DC00;
			productRefGroup = 68EA610220E56B0600C8DC00 /* Products */;
			projectDirPath = "";
			projectRoot = "";
			targets = (
				68EA610020E56B0600C8DC00 /* Kino */,
				68EA611420E56B0800C8DC00 /* KinoTests */,
			);
		};
/* End PBXProject section */

/* Begin PBXResourcesBuildPhase section */
		68EA60FF20E56B0600C8DC00 /* Resources */ = {
			isa = PBXResourcesBuildPhase;
			buildActionMask = 2147483647;
			files = (
				68EA610F20E56B0800C8DC00 /* LaunchScreen.storyboard in Resources */,
				68EA618220E7D8EF00C8DC00 /* ErrorTableCell.xib in Resources */,
				68EA610C20E56B0800C8DC00 /* Assets.xcassets in Resources */,
				68EA615820E7C1C800C8DC00 /* SearchViewController.xib in Resources */,
				68EA618620E7D8FE00C8DC00 /* SearchDataTableCell.xib in Resources */,
				68EA617E20E7D8E000C8DC00 /* LoadingTableCell.xib in Resources */,
			);
			runOnlyForDeploymentPostprocessing = 0;
		};
		68EA611320E56B0800C8DC00 /* Resources */ = {
			isa = PBXResourcesBuildPhase;
			buildActionMask = 2147483647;
			files = (
			);
			runOnlyForDeploymentPostprocessing = 0;
		};
/* End PBXResourcesBuildPhase section */

/* Begin PBXShellScriptBuildPhase section */
		68EA612720E570D800C8DC00 /* swiftlint */ = {
			isa = PBXShellScriptBuildPhase;
			buildActionMask = 2147483647;
			files = (
			);
			inputPaths = (
			);
			name = swiftlint;
			outputPaths = (
			);
			runOnlyForDeploymentPostprocessing = 0;
			shellPath = /bin/sh;
			shellScript = "${SRCROOT}/buildPhases/swiftlint";
		};
		68EA616F20E7D24C00C8DC00 /* Sourcery */ = {
			isa = PBXShellScriptBuildPhase;
			buildActionMask = 2147483647;
			files = (
			);
			inputPaths = (
			);
			name = Sourcery;
			outputPaths = (
			);
			runOnlyForDeploymentPostprocessing = 0;
			shellPath = /bin/sh;
			shellScript = "${SRCROOT}/buildPhases/generateAutoMockable";
		};
		69C77523E6F6D48F35CA6CD2 /* [CP] Embed Pods Frameworks */ = {
			isa = PBXShellScriptBuildPhase;
			buildActionMask = 2147483647;
			files = (
			);
			inputPaths = (
				"${SRCROOT}/Pods/Target Support Files/Pods-KinoTests/Pods-KinoTests-frameworks.sh",
				"${BUILT_PRODUCTS_DIR}/Nimble/Nimble.framework",
				"${BUILT_PRODUCTS_DIR}/Quick/Quick.framework",
			);
			name = "[CP] Embed Pods Frameworks";
			outputPaths = (
				"${TARGET_BUILD_DIR}/${FRAMEWORKS_FOLDER_PATH}/Nimble.framework",
				"${TARGET_BUILD_DIR}/${FRAMEWORKS_FOLDER_PATH}/Quick.framework",
			);
			runOnlyForDeploymentPostprocessing = 0;
			shellPath = /bin/sh;
			shellScript = "\"${SRCROOT}/Pods/Target Support Files/Pods-KinoTests/Pods-KinoTests-frameworks.sh\"\n";
			showEnvVarsInLog = 0;
		};
		7440B1E7F85673682D2BF75A /* [CP] Embed Pods Frameworks */ = {
			isa = PBXShellScriptBuildPhase;
			buildActionMask = 2147483647;
			files = (
			);
			inputPaths = (
				"${SRCROOT}/Pods/Target Support Files/Pods-Kino/Pods-Kino-frameworks.sh",
				"${BUILT_PRODUCTS_DIR}/RxCocoa/RxCocoa.framework",
				"${BUILT_PRODUCTS_DIR}/RxSwift/RxSwift.framework",
			);
			name = "[CP] Embed Pods Frameworks";
			outputPaths = (
				"${TARGET_BUILD_DIR}/${FRAMEWORKS_FOLDER_PATH}/RxCocoa.framework",
				"${TARGET_BUILD_DIR}/${FRAMEWORKS_FOLDER_PATH}/RxSwift.framework",
			);
			runOnlyForDeploymentPostprocessing = 0;
			shellPath = /bin/sh;
			shellScript = "\"${SRCROOT}/Pods/Target Support Files/Pods-Kino/Pods-Kino-frameworks.sh\"\n";
			showEnvVarsInLog = 0;
		};
		BDAB5C32C6B275BAF72CFC1D /* [CP] Check Pods Manifest.lock */ = {
			isa = PBXShellScriptBuildPhase;
			buildActionMask = 2147483647;
			files = (
			);
			inputPaths = (
				"${PODS_PODFILE_DIR_PATH}/Podfile.lock",
				"${PODS_ROOT}/Manifest.lock",
			);
			name = "[CP] Check Pods Manifest.lock";
			outputPaths = (
				"$(DERIVED_FILE_DIR)/Pods-KinoTests-checkManifestLockResult.txt",
			);
			runOnlyForDeploymentPostprocessing = 0;
			shellPath = /bin/sh;
			shellScript = "diff \"${PODS_PODFILE_DIR_PATH}/Podfile.lock\" \"${PODS_ROOT}/Manifest.lock\" > /dev/null\nif [ $? != 0 ] ; then\n    # print error to STDERR\n    echo \"error: The sandbox is not in sync with the Podfile.lock. Run 'pod install' or update your CocoaPods installation.\" >&2\n    exit 1\nfi\n# This output is used by Xcode 'outputs' to avoid re-running this script phase.\necho \"SUCCESS\" > \"${SCRIPT_OUTPUT_FILE_0}\"\n";
			showEnvVarsInLog = 0;
		};
		F2FCB505CD97F92A6607A1CB /* [CP] Check Pods Manifest.lock */ = {
			isa = PBXShellScriptBuildPhase;
			buildActionMask = 2147483647;
			files = (
			);
			inputPaths = (
				"${PODS_PODFILE_DIR_PATH}/Podfile.lock",
				"${PODS_ROOT}/Manifest.lock",
			);
			name = "[CP] Check Pods Manifest.lock";
			outputPaths = (
				"$(DERIVED_FILE_DIR)/Pods-Kino-checkManifestLockResult.txt",
			);
			runOnlyForDeploymentPostprocessing = 0;
			shellPath = /bin/sh;
			shellScript = "diff \"${PODS_PODFILE_DIR_PATH}/Podfile.lock\" \"${PODS_ROOT}/Manifest.lock\" > /dev/null\nif [ $? != 0 ] ; then\n    # print error to STDERR\n    echo \"error: The sandbox is not in sync with the Podfile.lock. Run 'pod install' or update your CocoaPods installation.\" >&2\n    exit 1\nfi\n# This output is used by Xcode 'outputs' to avoid re-running this script phase.\necho \"SUCCESS\" > \"${SCRIPT_OUTPUT_FILE_0}\"\n";
			showEnvVarsInLog = 0;
		};
/* End PBXShellScriptBuildPhase section */

/* Begin PBXSourcesBuildPhase section */
		68EA60FD20E56B0600C8DC00 /* Sources */ = {
			isa = PBXSourcesBuildPhase;
			buildActionMask = 2147483647;
			files = (
				68EA615C20E7C34A00C8DC00 /* SearchItem.swift in Sources */,
				68EA618520E7D8FE00C8DC00 /* SearchDataTableCell.swift in Sources */,
				68EA610520E56B0600C8DC00 /* AppDelegate.swift in Sources */,
				68EA615720E7C1C800C8DC00 /* SearchViewController.swift in Sources */,
				68EA613F20E7B29B00C8DC00 /* Company.swift in Sources */,
				68EA616E20E7CD2700C8DC00 /* Dummies.swift in Sources */,
				68EA615220E7B90600C8DC00 /* Movie.swift in Sources */,
				68EA615E20E7C38500C8DC00 /* SearchViewModel.swift in Sources */,
				68EA617920E7D88100C8DC00 /* UITableView.swift in Sources */,
				68EA614320E7B2C000C8DC00 /* Language.swift in Sources */,
				68EA618120E7D8EF00C8DC00 /* ErrorTableCell.swift in Sources */,
				68EA616720E7C82000C8DC00 /* SearchData.swift in Sources */,
				68EA614520E7B2D300C8DC00 /* AssetStatus.swift in Sources */,
				68EA615020E7B52200C8DC00 /* Misc.swift in Sources */,
				68EA616C20E7CBE000C8DC00 /* SearchFactory.swift in Sources */,
				68EA616520E7C5F400C8DC00 /* SearchFlow.swift in Sources */,
				68EA617720E7D58400C8DC00 /* SearchTableManager.swift in Sources */,
				68EA616120E7C3D800C8DC00 /* Rx.swift in Sources */,
				68EA612F20E5836700C8DC00 /* Page.swift in Sources */,
				68EA613B20E7B17700C8DC00 /* Genre.swift in Sources */,
				6825D34220E8323A0068F741 /* Configuration.swift in Sources */,
				68EA616320E7C48800C8DC00 /* SearchState.swift in Sources */,
				68EA616A20E7CB2400C8DC00 /* MovieSearchProvider.swift in Sources */,
				68EA614120E7B2B300C8DC00 /* Country.swift in Sources */,
				68EA617D20E7D8E000C8DC00 /* LoadingTableCell.swift in Sources */,
				68EA613720E7AEF000C8DC00 /* AssetCollection.swift in Sources */,
			);
			runOnlyForDeploymentPostprocessing = 0;
		};
		68EA611120E56B0800C8DC00 /* Sources */ = {
			isa = PBXSourcesBuildPhase;
			buildActionMask = 2147483647;
			files = (
				68EA612D20E57C7600C8DC00 /* MovieSpec.swift in Sources */,
				68EA614720E7B31100C8DC00 /* CompanySpec.swift in Sources */,
				68EA614920E7B31D00C8DC00 /* CountrySpec.swift in Sources */,
				68EA614B20E7B32600C8DC00 /* LanguageSpec.swift in Sources */,
				68EA617320E7D2B700C8DC00 /* AutoMockable.swift in Sources */,
				68EA613D20E7B1D700C8DC00 /* GenreSpec.swift in Sources */,
				68EA613120E583D100C8DC00 /* PageSpec.swift in Sources */,
				68EA613920E7AF1500C8DC00 /* AssetCollectionSpec.swift in Sources */,
				68EA617520E7D31A00C8DC00 /* AutoMockable.generated.swift in Sources */,
			);
			runOnlyForDeploymentPostprocessing = 0;
		};
/* End PBXSourcesBuildPhase section */

/* Begin PBXTargetDependency section */
		68EA611720E56B0800C8DC00 /* PBXTargetDependency */ = {
			isa = PBXTargetDependency;
			target = 68EA610020E56B0600C8DC00 /* Kino */;
			targetProxy = 68EA611620E56B0800C8DC00 /* PBXContainerItemProxy */;
		};
/* End PBXTargetDependency section */

/* Begin PBXVariantGroup section */
		68EA610D20E56B0800C8DC00 /* LaunchScreen.storyboard */ = {
			isa = PBXVariantGroup;
			children = (
				68EA610E20E56B0800C8DC00 /* Base */,
			);
			name = LaunchScreen.storyboard;
			sourceTree = "<group>";
		};
/* End PBXVariantGroup section */

/* Begin XCBuildConfiguration section */
		68EA611C20E56B0800C8DC00 /* Debug */ = {
			isa = XCBuildConfiguration;
			buildSettings = {
				ALWAYS_SEARCH_USER_PATHS = NO;
				CLANG_ANALYZER_NONNULL = YES;
				CLANG_ANALYZER_NUMBER_OBJECT_CONVERSION = YES_AGGRESSIVE;
				CLANG_CXX_LANGUAGE_STANDARD = "gnu++14";
				CLANG_CXX_LIBRARY = "libc++";
				CLANG_ENABLE_MODULES = YES;
				CLANG_ENABLE_OBJC_ARC = YES;
				CLANG_ENABLE_OBJC_WEAK = YES;
				CLANG_WARN_BLOCK_CAPTURE_AUTORELEASING = YES;
				CLANG_WARN_BOOL_CONVERSION = YES;
				CLANG_WARN_COMMA = YES;
				CLANG_WARN_CONSTANT_CONVERSION = YES;
				CLANG_WARN_DEPRECATED_OBJC_IMPLEMENTATIONS = YES;
				CLANG_WARN_DIRECT_OBJC_ISA_USAGE = YES_ERROR;
				CLANG_WARN_DOCUMENTATION_COMMENTS = YES;
				CLANG_WARN_EMPTY_BODY = YES;
				CLANG_WARN_ENUM_CONVERSION = YES;
				CLANG_WARN_INFINITE_RECURSION = YES;
				CLANG_WARN_INT_CONVERSION = YES;
				CLANG_WARN_NON_LITERAL_NULL_CONVERSION = YES;
				CLANG_WARN_OBJC_IMPLICIT_RETAIN_SELF = YES;
				CLANG_WARN_OBJC_LITERAL_CONVERSION = YES;
				CLANG_WARN_OBJC_ROOT_CLASS = YES_ERROR;
				CLANG_WARN_RANGE_LOOP_ANALYSIS = YES;
				CLANG_WARN_STRICT_PROTOTYPES = YES;
				CLANG_WARN_SUSPICIOUS_MOVE = YES;
				CLANG_WARN_UNGUARDED_AVAILABILITY = YES_AGGRESSIVE;
				CLANG_WARN_UNREACHABLE_CODE = YES;
				CLANG_WARN__DUPLICATE_METHOD_MATCH = YES;
				CODE_SIGN_IDENTITY = "iPhone Developer";
				COPY_PHASE_STRIP = NO;
				DEBUG_INFORMATION_FORMAT = dwarf;
				ENABLE_STRICT_OBJC_MSGSEND = YES;
				ENABLE_TESTABILITY = YES;
				GCC_C_LANGUAGE_STANDARD = gnu11;
				GCC_DYNAMIC_NO_PIC = NO;
				GCC_NO_COMMON_BLOCKS = YES;
				GCC_OPTIMIZATION_LEVEL = 0;
				GCC_PREPROCESSOR_DEFINITIONS = (
					"DEBUG=1",
					"$(inherited)",
				);
				GCC_WARN_64_TO_32_BIT_CONVERSION = YES;
				GCC_WARN_ABOUT_RETURN_TYPE = YES_ERROR;
				GCC_WARN_UNDECLARED_SELECTOR = YES;
				GCC_WARN_UNINITIALIZED_AUTOS = YES_AGGRESSIVE;
				GCC_WARN_UNUSED_FUNCTION = YES;
				GCC_WARN_UNUSED_VARIABLE = YES;
				IPHONEOS_DEPLOYMENT_TARGET = 11.4;
				MTL_ENABLE_DEBUG_INFO = YES;
				ONLY_ACTIVE_ARCH = YES;
				SDKROOT = iphoneos;
				SWIFT_ACTIVE_COMPILATION_CONDITIONS = DEBUG;
				SWIFT_OPTIMIZATION_LEVEL = "-Onone";
			};
			name = Debug;
		};
		68EA611D20E56B0800C8DC00 /* Release */ = {
			isa = XCBuildConfiguration;
			buildSettings = {
				ALWAYS_SEARCH_USER_PATHS = NO;
				CLANG_ANALYZER_NONNULL = YES;
				CLANG_ANALYZER_NUMBER_OBJECT_CONVERSION = YES_AGGRESSIVE;
				CLANG_CXX_LANGUAGE_STANDARD = "gnu++14";
				CLANG_CXX_LIBRARY = "libc++";
				CLANG_ENABLE_MODULES = YES;
				CLANG_ENABLE_OBJC_ARC = YES;
				CLANG_ENABLE_OBJC_WEAK = YES;
				CLANG_WARN_BLOCK_CAPTURE_AUTORELEASING = YES;
				CLANG_WARN_BOOL_CONVERSION = YES;
				CLANG_WARN_COMMA = YES;
				CLANG_WARN_CONSTANT_CONVERSION = YES;
				CLANG_WARN_DEPRECATED_OBJC_IMPLEMENTATIONS = YES;
				CLANG_WARN_DIRECT_OBJC_ISA_USAGE = YES_ERROR;
				CLANG_WARN_DOCUMENTATION_COMMENTS = YES;
				CLANG_WARN_EMPTY_BODY = YES;
				CLANG_WARN_ENUM_CONVERSION = YES;
				CLANG_WARN_INFINITE_RECURSION = YES;
				CLANG_WARN_INT_CONVERSION = YES;
				CLANG_WARN_NON_LITERAL_NULL_CONVERSION = YES;
				CLANG_WARN_OBJC_IMPLICIT_RETAIN_SELF = YES;
				CLANG_WARN_OBJC_LITERAL_CONVERSION = YES;
				CLANG_WARN_OBJC_ROOT_CLASS = YES_ERROR;
				CLANG_WARN_RANGE_LOOP_ANALYSIS = YES;
				CLANG_WARN_STRICT_PROTOTYPES = YES;
				CLANG_WARN_SUSPICIOUS_MOVE = YES;
				CLANG_WARN_UNGUARDED_AVAILABILITY = YES_AGGRESSIVE;
				CLANG_WARN_UNREACHABLE_CODE = YES;
				CLANG_WARN__DUPLICATE_METHOD_MATCH = YES;
				CODE_SIGN_IDENTITY = "iPhone Developer";
				COPY_PHASE_STRIP = NO;
				DEBUG_INFORMATION_FORMAT = "dwarf-with-dsym";
				ENABLE_NS_ASSERTIONS = NO;
				ENABLE_STRICT_OBJC_MSGSEND = YES;
				GCC_C_LANGUAGE_STANDARD = gnu11;
				GCC_NO_COMMON_BLOCKS = YES;
				GCC_WARN_64_TO_32_BIT_CONVERSION = YES;
				GCC_WARN_ABOUT_RETURN_TYPE = YES_ERROR;
				GCC_WARN_UNDECLARED_SELECTOR = YES;
				GCC_WARN_UNINITIALIZED_AUTOS = YES_AGGRESSIVE;
				GCC_WARN_UNUSED_FUNCTION = YES;
				GCC_WARN_UNUSED_VARIABLE = YES;
				IPHONEOS_DEPLOYMENT_TARGET = 11.4;
				MTL_ENABLE_DEBUG_INFO = NO;
				SDKROOT = iphoneos;
				SWIFT_COMPILATION_MODE = wholemodule;
				SWIFT_OPTIMIZATION_LEVEL = "-O";
				VALIDATE_PRODUCT = YES;
			};
			name = Release;
		};
		68EA611F20E56B0800C8DC00 /* Debug */ = {
			isa = XCBuildConfiguration;
			baseConfigurationReference = 7568578B67661DBF9C935304 /* Pods-Kino.debug.xcconfig */;
			buildSettings = {
				ASSETCATALOG_COMPILER_APPICON_NAME = AppIcon;
				CODE_SIGN_STYLE = Automatic;
				DEVELOPMENT_TEAM = 9Q52NDZ74N;
				INFOPLIST_FILE = "$(SRCROOT)/Resources/Info.plist";
				LD_RUNPATH_SEARCH_PATHS = (
					"$(inherited)",
					"@executable_path/Frameworks",
				);
				PRODUCT_BUNDLE_IDENTIFIER = io.kino.Kino;
				PRODUCT_NAME = "$(TARGET_NAME)";
				SWIFT_VERSION = 4.0;
				TARGETED_DEVICE_FAMILY = "1,2";
			};
			name = Debug;
		};
		68EA612020E56B0800C8DC00 /* Release */ = {
			isa = XCBuildConfiguration;
			baseConfigurationReference = 0BE425BEC24EC4A86BA112CB /* Pods-Kino.release.xcconfig */;
			buildSettings = {
				ASSETCATALOG_COMPILER_APPICON_NAME = AppIcon;
				CODE_SIGN_STYLE = Automatic;
				DEVELOPMENT_TEAM = 9Q52NDZ74N;
				INFOPLIST_FILE = "$(SRCROOT)/Resources/Info.plist";
				LD_RUNPATH_SEARCH_PATHS = (
					"$(inherited)",
					"@executable_path/Frameworks",
				);
				PRODUCT_BUNDLE_IDENTIFIER = io.kino.Kino;
				PRODUCT_NAME = "$(TARGET_NAME)";
				SWIFT_VERSION = 4.0;
				TARGETED_DEVICE_FAMILY = "1,2";
			};
			name = Release;
		};
		68EA612220E56B0800C8DC00 /* Debug */ = {
			isa = XCBuildConfiguration;
			baseConfigurationReference = 601820226452FE99D44443FF /* Pods-KinoTests.debug.xcconfig */;
			buildSettings = {
				BUNDLE_LOADER = "$(TEST_HOST)";
				CLANG_ENABLE_MODULES = YES;
				CODE_SIGN_STYLE = Automatic;
				DEVELOPMENT_TEAM = 9Q52NDZ74N;
				INFOPLIST_FILE = Tests/Info.plist;
				LD_RUNPATH_SEARCH_PATHS = (
					"$(inherited)",
					"@executable_path/Frameworks",
					"@loader_path/Frameworks",
				);
				PRODUCT_BUNDLE_IDENTIFIER = io.kino.KinoTests;
				PRODUCT_NAME = "$(TARGET_NAME)";
				SWIFT_OPTIMIZATION_LEVEL = "-Onone";
				SWIFT_VERSION = 4.0;
				TARGETED_DEVICE_FAMILY = "1,2";
				TEST_HOST = "$(BUILT_PRODUCTS_DIR)/Kino.app/Kino";
			};
			name = Debug;
		};
		68EA612320E56B0800C8DC00 /* Release */ = {
			isa = XCBuildConfiguration;
			baseConfigurationReference = 70BF22AB0A0739B2F572CC15 /* Pods-KinoTests.release.xcconfig */;
			buildSettings = {
				BUNDLE_LOADER = "$(TEST_HOST)";
				CLANG_ENABLE_MODULES = YES;
				CODE_SIGN_STYLE = Automatic;
				DEVELOPMENT_TEAM = 9Q52NDZ74N;
				INFOPLIST_FILE = Tests/Info.plist;
				LD_RUNPATH_SEARCH_PATHS = (
					"$(inherited)",
					"@executable_path/Frameworks",
					"@loader_path/Frameworks",
				);
				PRODUCT_BUNDLE_IDENTIFIER = io.kino.KinoTests;
				PRODUCT_NAME = "$(TARGET_NAME)";
				SWIFT_VERSION = 4.0;
				TARGETED_DEVICE_FAMILY = "1,2";
				TEST_HOST = "$(BUILT_PRODUCTS_DIR)/Kino.app/Kino";
			};
			name = Release;
		};
/* End XCBuildConfiguration section */

/* Begin XCConfigurationList section */
		68EA60FC20E56B0600C8DC00 /* Build configuration list for PBXProject "Kino" */ = {
			isa = XCConfigurationList;
			buildConfigurations = (
				68EA611C20E56B0800C8DC00 /* Debug */,
				68EA611D20E56B0800C8DC00 /* Release */,
			);
			defaultConfigurationIsVisible = 0;
			defaultConfigurationName = Release;
		};
		68EA611E20E56B0800C8DC00 /* Build configuration list for PBXNativeTarget "Kino" */ = {
			isa = XCConfigurationList;
			buildConfigurations = (
				68EA611F20E56B0800C8DC00 /* Debug */,
				68EA612020E56B0800C8DC00 /* Release */,
			);
			defaultConfigurationIsVisible = 0;
			defaultConfigurationName = Release;
		};
		68EA612120E56B0800C8DC00 /* Build configuration list for PBXNativeTarget "KinoTests" */ = {
			isa = XCConfigurationList;
			buildConfigurations = (
				68EA612220E56B0800C8DC00 /* Debug */,
				68EA612320E56B0800C8DC00 /* Release */,
			);
			defaultConfigurationIsVisible = 0;
			defaultConfigurationName = Release;
		};
/* End XCConfigurationList section */
	};
	rootObject = 68EA60F920E56B0600C8DC00 /* Project object */;
}
